// !$*UTF8*$!
{
	archiveVersion = 1;
	classes = {
	};
	objectVersion = 56;
	objects = {

/* Begin PBXBuildFile section */
		C540F3BB2C493EA300919379 /* Episode.swift in Sources */ = {isa = PBXBuildFile; fileRef = C540F3BA2C493EA300919379 /* Episode.swift */; };
		C540F3BD2C49854200919379 /* UILabel + Extension.swift in Sources */ = {isa = PBXBuildFile; fileRef = C540F3BC2C49854200919379 /* UILabel + Extension.swift */; };
		C5909D5B2C48E80800FD5136 /* CharacterProfileView.swift in Sources */ = {isa = PBXBuildFile; fileRef = C5909D5A2C48E80800FD5136 /* CharacterProfileView.swift */; };
		C5D522422C4906A200BF35BD /* CharactersViewControllerAssembly.swift in Sources */ = {isa = PBXBuildFile; fileRef = C5D522412C4906A200BF35BD /* CharactersViewControllerAssembly.swift */; };
		C5D522442C490A8900BF35BD /* ImageLoaderService.swift in Sources */ = {isa = PBXBuildFile; fileRef = C5D522432C490A8900BF35BD /* ImageLoaderService.swift */; };
		C5D605622C47C4B3000DBA15 /* AppDelegate.swift in Sources */ = {isa = PBXBuildFile; fileRef = C5D605612C47C4B3000DBA15 /* AppDelegate.swift */; };
		C5D605662C47C4B3000DBA15 /* CharactersListViewController.swift in Sources */ = {isa = PBXBuildFile; fileRef = C5D605652C47C4B3000DBA15 /* CharactersListViewController.swift */; };
		C5D6056B2C47C4B5000DBA15 /* Assets.xcassets in Resources */ = {isa = PBXBuildFile; fileRef = C5D6056A2C47C4B5000DBA15 /* Assets.xcassets */; };
		C5D6056E2C47C4B5000DBA15 /* Base in Resources */ = {isa = PBXBuildFile; fileRef = C5D6056D2C47C4B5000DBA15 /* Base */; };
		C5D6057B2C47C786000DBA15 /* CharacterProfileViewController.swift in Sources */ = {isa = PBXBuildFile; fileRef = C5D6057A2C47C786000DBA15 /* CharacterProfileViewController.swift */; };
		C5D6057E2C47C7D0000DBA15 /* UIView + Extension.swift in Sources */ = {isa = PBXBuildFile; fileRef = C5D6057D2C47C7D0000DBA15 /* UIView + Extension.swift */; };
		C5D605802C47D580000DBA15 /* CharacterTableViewCell.swift in Sources */ = {isa = PBXBuildFile; fileRef = C5D6057F2C47D580000DBA15 /* CharacterTableViewCell.swift */; };
		C5D605912C47DEC1000DBA15 /* IBMPlexSans.swift in Sources */ = {isa = PBXBuildFile; fileRef = C5D605902C47DEC1000DBA15 /* IBMPlexSans.swift */; };
		C5D605922C47DEEC000DBA15 /* IBMPlexSans-Bold.ttf in Resources */ = {isa = PBXBuildFile; fileRef = C5D605892C47DE96000DBA15 /* IBMPlexSans-Bold.ttf */; };
		C5D605972C47DEF0000DBA15 /* IBMPlexSans-Regular.ttf in Resources */ = {isa = PBXBuildFile; fileRef = C5D605882C47DE96000DBA15 /* IBMPlexSans-Regular.ttf */; };
		C5D6059E2C47DEF0000DBA15 /* IBMPlexSans-SemiBold.ttf in Resources */ = {isa = PBXBuildFile; fileRef = C5D605832C47DE95000DBA15 /* IBMPlexSans-SemiBold.ttf */; };
		C5D605A12C47E010000DBA15 /* UIFont + Extension.swift in Sources */ = {isa = PBXBuildFile; fileRef = C5D605A02C47E010000DBA15 /* UIFont + Extension.swift */; };
		C5D605A32C47E1FB000DBA15 /* UIColor + Extension.swift in Sources */ = {isa = PBXBuildFile; fileRef = C5D605A22C47E1FB000DBA15 /* UIColor + Extension.swift */; };
		C5D605A52C47E227000DBA15 /* AppColorEnum.swift in Sources */ = {isa = PBXBuildFile; fileRef = C5D605A42C47E227000DBA15 /* AppColorEnum.swift */; };
		C5D605A72C47EB48000DBA15 /* CharacterModel.swift in Sources */ = {isa = PBXBuildFile; fileRef = C5D605A62C47EB48000DBA15 /* CharacterModel.swift */; };
		C5D605A92C47EC3F000DBA15 /* CharacterStatus.swift in Sources */ = {isa = PBXBuildFile; fileRef = C5D605A82C47EC3F000DBA15 /* CharacterStatus.swift */; };
		C5D605AB2C47EC54000DBA15 /* CharacterGender.swift in Sources */ = {isa = PBXBuildFile; fileRef = C5D605AA2C47EC54000DBA15 /* CharacterGender.swift */; };
		C5D605AD2C47EC65000DBA15 /* CharacterLocation.swift in Sources */ = {isa = PBXBuildFile; fileRef = C5D605AC2C47EC65000DBA15 /* CharacterLocation.swift */; };
		C5D605AF2C48301A000DBA15 /* NetworkService.swift in Sources */ = {isa = PBXBuildFile; fileRef = C5D605AE2C48301A000DBA15 /* NetworkService.swift */; };
/* End PBXBuildFile section */

/* Begin PBXFileReference section */
		C540F3BA2C493EA300919379 /* Episode.swift */ = {isa = PBXFileReference; lastKnownFileType = sourcecode.swift; path = Episode.swift; sourceTree = "<group>"; };
		C540F3BC2C49854200919379 /* UILabel + Extension.swift */ = {isa = PBXFileReference; lastKnownFileType = sourcecode.swift; path = "UILabel + Extension.swift"; sourceTree = "<group>"; };
		C5909D5A2C48E80800FD5136 /* CharacterProfileView.swift */ = {isa = PBXFileReference; lastKnownFileType = sourcecode.swift; path = CharacterProfileView.swift; sourceTree = "<group>"; };
		C5D522412C4906A200BF35BD /* CharactersViewControllerAssembly.swift */ = {isa = PBXFileReference; lastKnownFileType = sourcecode.swift; path = CharactersViewControllerAssembly.swift; sourceTree = "<group>"; };
		C5D522432C490A8900BF35BD /* ImageLoaderService.swift */ = {isa = PBXFileReference; lastKnownFileType = sourcecode.swift; path = ImageLoaderService.swift; sourceTree = "<group>"; };
		C5D6055E2C47C4B3000DBA15 /* RickAndMortyCharacters.app */ = {isa = PBXFileReference; explicitFileType = wrapper.application; includeInIndex = 0; path = RickAndMortyCharacters.app; sourceTree = BUILT_PRODUCTS_DIR; };
		C5D605612C47C4B3000DBA15 /* AppDelegate.swift */ = {isa = PBXFileReference; lastKnownFileType = sourcecode.swift; path = AppDelegate.swift; sourceTree = "<group>"; };
		C5D605652C47C4B3000DBA15 /* CharactersListViewController.swift */ = {isa = PBXFileReference; lastKnownFileType = sourcecode.swift; path = CharactersListViewController.swift; sourceTree = "<group>"; };
		C5D6056A2C47C4B5000DBA15 /* Assets.xcassets */ = {isa = PBXFileReference; lastKnownFileType = folder.assetcatalog; path = Assets.xcassets; sourceTree = "<group>"; };
		C5D6056D2C47C4B5000DBA15 /* Base */ = {isa = PBXFileReference; lastKnownFileType = file.storyboard; name = Base; path = Base.lproj/LaunchScreen.storyboard; sourceTree = "<group>"; };
		C5D6056F2C47C4B5000DBA15 /* Info.plist */ = {isa = PBXFileReference; lastKnownFileType = text.plist.xml; path = Info.plist; sourceTree = "<group>"; };
		C5D6057A2C47C786000DBA15 /* CharacterProfileViewController.swift */ = {isa = PBXFileReference; lastKnownFileType = sourcecode.swift; path = CharacterProfileViewController.swift; sourceTree = "<group>"; };
		C5D6057D2C47C7D0000DBA15 /* UIView + Extension.swift */ = {isa = PBXFileReference; lastKnownFileType = sourcecode.swift; path = "UIView + Extension.swift"; sourceTree = "<group>"; };
		C5D6057F2C47D580000DBA15 /* CharacterTableViewCell.swift */ = {isa = PBXFileReference; lastKnownFileType = sourcecode.swift; path = CharacterTableViewCell.swift; sourceTree = "<group>"; };
		C5D605832C47DE95000DBA15 /* IBMPlexSans-SemiBold.ttf */ = {isa = PBXFileReference; lastKnownFileType = file; path = "IBMPlexSans-SemiBold.ttf"; sourceTree = "<group>"; };
		C5D605882C47DE96000DBA15 /* IBMPlexSans-Regular.ttf */ = {isa = PBXFileReference; lastKnownFileType = file; path = "IBMPlexSans-Regular.ttf"; sourceTree = "<group>"; };
		C5D605892C47DE96000DBA15 /* IBMPlexSans-Bold.ttf */ = {isa = PBXFileReference; lastKnownFileType = file; path = "IBMPlexSans-Bold.ttf"; sourceTree = "<group>"; };
		C5D605902C47DEC1000DBA15 /* IBMPlexSans.swift */ = {isa = PBXFileReference; lastKnownFileType = sourcecode.swift; path = IBMPlexSans.swift; sourceTree = "<group>"; };
		C5D605A02C47E010000DBA15 /* UIFont + Extension.swift */ = {isa = PBXFileReference; lastKnownFileType = sourcecode.swift; path = "UIFont + Extension.swift"; sourceTree = "<group>"; };
		C5D605A22C47E1FB000DBA15 /* UIColor + Extension.swift */ = {isa = PBXFileReference; lastKnownFileType = sourcecode.swift; path = "UIColor + Extension.swift"; sourceTree = "<group>"; };
		C5D605A42C47E227000DBA15 /* AppColorEnum.swift */ = {isa = PBXFileReference; lastKnownFileType = sourcecode.swift; path = AppColorEnum.swift; sourceTree = "<group>"; };
		C5D605A62C47EB48000DBA15 /* CharacterModel.swift */ = {isa = PBXFileReference; lastKnownFileType = sourcecode.swift; path = CharacterModel.swift; sourceTree = "<group>"; };
		C5D605A82C47EC3F000DBA15 /* CharacterStatus.swift */ = {isa = PBXFileReference; lastKnownFileType = sourcecode.swift; path = CharacterStatus.swift; sourceTree = "<group>"; };
		C5D605AA2C47EC54000DBA15 /* CharacterGender.swift */ = {isa = PBXFileReference; lastKnownFileType = sourcecode.swift; path = CharacterGender.swift; sourceTree = "<group>"; };
		C5D605AC2C47EC65000DBA15 /* CharacterLocation.swift */ = {isa = PBXFileReference; lastKnownFileType = sourcecode.swift; path = CharacterLocation.swift; sourceTree = "<group>"; };
		C5D605AE2C48301A000DBA15 /* NetworkService.swift */ = {isa = PBXFileReference; lastKnownFileType = sourcecode.swift; path = NetworkService.swift; sourceTree = "<group>"; };
/* End PBXFileReference section */

/* Begin PBXFrameworksBuildPhase section */
		C5D6055B2C47C4B3000DBA15 /* Frameworks */ = {
			isa = PBXFrameworksBuildPhase;
			buildActionMask = 2147483647;
			files = (
			);
			runOnlyForDeploymentPostprocessing = 0;
		};
/* End PBXFrameworksBuildPhase section */

/* Begin PBXGroup section */
		C5D605552C47C4B3000DBA15 = {
			isa = PBXGroup;
			children = (
				C5D605602C47C4B3000DBA15 /* RickAndMortyCharacters */,
				C5D6055F2C47C4B3000DBA15 /* Products */,
			);
			sourceTree = "<group>";
		};
		C5D6055F2C47C4B3000DBA15 /* Products */ = {
			isa = PBXGroup;
			children = (
				C5D6055E2C47C4B3000DBA15 /* RickAndMortyCharacters.app */,
			);
			name = Products;
			sourceTree = "<group>";
		};
		C5D605602C47C4B3000DBA15 /* RickAndMortyCharacters */ = {
			isa = PBXGroup;
			children = (
				C5D605792C47C5E9000DBA15 /* Supporting Files */,
				C5D605812C47DE61000DBA15 /* Font */,
				C5D6057C2C47C7A2000DBA15 /* Networking */,
				C5D605782C47C5D8000DBA15 /* Models */,
				C5D605772C47C5CF000DBA15 /* Extensions */,
				C5D605762C47C5C8000DBA15 /* Controllers */,
				C5D605752C47C5BC000DBA15 /* Views */,
				C5D605A42C47E227000DBA15 /* AppColorEnum.swift */,
				C5D522412C4906A200BF35BD /* CharactersViewControllerAssembly.swift */,
			);
			path = RickAndMortyCharacters;
			sourceTree = "<group>";
		};
		C5D605752C47C5BC000DBA15 /* Views */ = {
			isa = PBXGroup;
			children = (
				C5D6057F2C47D580000DBA15 /* CharacterTableViewCell.swift */,
				C5909D5A2C48E80800FD5136 /* CharacterProfileView.swift */,
			);
			path = Views;
			sourceTree = "<group>";
		};
		C5D605762C47C5C8000DBA15 /* Controllers */ = {
			isa = PBXGroup;
			children = (
				C5D605652C47C4B3000DBA15 /* CharactersListViewController.swift */,
				C5D6057A2C47C786000DBA15 /* CharacterProfileViewController.swift */,
			);
			path = Controllers;
			sourceTree = "<group>";
		};
		C5D605772C47C5CF000DBA15 /* Extensions */ = {
			isa = PBXGroup;
			children = (
				C5D6057D2C47C7D0000DBA15 /* UIView + Extension.swift */,
				C5D605A02C47E010000DBA15 /* UIFont + Extension.swift */,
				C540F3BC2C49854200919379 /* UILabel + Extension.swift */,
				C5D605A22C47E1FB000DBA15 /* UIColor + Extension.swift */,
			);
			path = Extensions;
			sourceTree = "<group>";
		};
		C5D605782C47C5D8000DBA15 /* Models */ = {
			isa = PBXGroup;
			children = (
				C5D605A62C47EB48000DBA15 /* CharacterModel.swift */,
				C5D605AC2C47EC65000DBA15 /* CharacterLocation.swift */,
				C5D605AA2C47EC54000DBA15 /* CharacterGender.swift */,
				C5D605A82C47EC3F000DBA15 /* CharacterStatus.swift */,
				C540F3BA2C493EA300919379 /* Episode.swift */,
			);
			path = Models;
			sourceTree = "<group>";
		};
		C5D605792C47C5E9000DBA15 /* Supporting Files */ = {
			isa = PBXGroup;
			children = (
				C5D605612C47C4B3000DBA15 /* AppDelegate.swift */,
				C5D6056C2C47C4B5000DBA15 /* LaunchScreen.storyboard */,
				C5D6056A2C47C4B5000DBA15 /* Assets.xcassets */,
				C5D6056F2C47C4B5000DBA15 /* Info.plist */,
			);
			path = "Supporting Files";
			sourceTree = "<group>";
		};
		C5D6057C2C47C7A2000DBA15 /* Networking */ = {
			isa = PBXGroup;
			children = (
				C5D605AE2C48301A000DBA15 /* NetworkService.swift */,
				C5D522432C490A8900BF35BD /* ImageLoaderService.swift */,
			);
			path = Networking;
			sourceTree = "<group>";
		};
		C5D605812C47DE61000DBA15 /* Font */ = {
			isa = PBXGroup;
			children = (
				C5D605892C47DE96000DBA15 /* IBMPlexSans-Bold.ttf */,
				C5D605902C47DEC1000DBA15 /* IBMPlexSans.swift */,
				C5D605882C47DE96000DBA15 /* IBMPlexSans-Regular.ttf */,
				C5D605832C47DE95000DBA15 /* IBMPlexSans-SemiBold.ttf */,
			);
			path = Font;
			sourceTree = "<group>";
		};
/* End PBXGroup section */

/* Begin PBXNativeTarget section */
		C5D6055D2C47C4B3000DBA15 /* RickAndMortyCharacters */ = {
			isa = PBXNativeTarget;
			buildConfigurationList = C5D605722C47C4B5000DBA15 /* Build configuration list for PBXNativeTarget "RickAndMortyCharacters" */;
			buildPhases = (
				C5D6055A2C47C4B3000DBA15 /* Sources */,
				C5D6055B2C47C4B3000DBA15 /* Frameworks */,
				C5D6055C2C47C4B3000DBA15 /* Resources */,
			);
			buildRules = (
			);
			dependencies = (
			);
			name = RickAndMortyCharacters;
			productName = RickAndMortyCharacters;
			productReference = C5D6055E2C47C4B3000DBA15 /* RickAndMortyCharacters.app */;
			productType = "com.apple.product-type.application";
		};
/* End PBXNativeTarget section */

/* Begin PBXProject section */
		C5D605562C47C4B3000DBA15 /* Project object */ = {
			isa = PBXProject;
			attributes = {
				BuildIndependentTargetsInParallel = 1;
				LastSwiftUpdateCheck = 1540;
				LastUpgradeCheck = 1540;
				TargetAttributes = {
					C5D6055D2C47C4B3000DBA15 = {
						CreatedOnToolsVersion = 15.4;
					};
				};
			};
			buildConfigurationList = C5D605592C47C4B3000DBA15 /* Build configuration list for PBXProject "RickAndMortyCharacters" */;
			compatibilityVersion = "Xcode 14.0";
			developmentRegion = en;
			hasScannedForEncodings = 0;
			knownRegions = (
				en,
				Base,
			);
			mainGroup = C5D605552C47C4B3000DBA15;
			productRefGroup = C5D6055F2C47C4B3000DBA15 /* Products */;
			projectDirPath = "";
			projectRoot = "";
			targets = (
				C5D6055D2C47C4B3000DBA15 /* RickAndMortyCharacters */,
			);
		};
/* End PBXProject section */

/* Begin PBXResourcesBuildPhase section */
		C5D6055C2C47C4B3000DBA15 /* Resources */ = {
			isa = PBXResourcesBuildPhase;
			buildActionMask = 2147483647;
			files = (
				C5D6056B2C47C4B5000DBA15 /* Assets.xcassets in Resources */,
				C5D6056E2C47C4B5000DBA15 /* Base in Resources */,
				C5D605972C47DEF0000DBA15 /* IBMPlexSans-Regular.ttf in Resources */,
				C5D6059E2C47DEF0000DBA15 /* IBMPlexSans-SemiBold.ttf in Resources */,
				C5D605922C47DEEC000DBA15 /* IBMPlexSans-Bold.ttf in Resources */,
			);
			runOnlyForDeploymentPostprocessing = 0;
		};
/* End PBXResourcesBuildPhase section */

/* Begin PBXSourcesBuildPhase section */
		C5D6055A2C47C4B3000DBA15 /* Sources */ = {
			isa = PBXSourcesBuildPhase;
			buildActionMask = 2147483647;
			files = (
				C5D522422C4906A200BF35BD /* CharactersViewControllerAssembly.swift in Sources */,
				C5D605912C47DEC1000DBA15 /* IBMPlexSans.swift in Sources */,
				C5909D5B2C48E80800FD5136 /* CharacterProfileView.swift in Sources */,
				C5D605A72C47EB48000DBA15 /* CharacterModel.swift in Sources */,
				C5D605A52C47E227000DBA15 /* AppColorEnum.swift in Sources */,
				C5D6057E2C47C7D0000DBA15 /* UIView + Extension.swift in Sources */,
				C5D605662C47C4B3000DBA15 /* CharactersListViewController.swift in Sources */,
				C540F3BD2C49854200919379 /* UILabel + Extension.swift in Sources */,
				C540F3BB2C493EA300919379 /* Episode.swift in Sources */,
				C5D605802C47D580000DBA15 /* CharacterTableViewCell.swift in Sources */,
				C5D605AF2C48301A000DBA15 /* NetworkService.swift in Sources */,
				C5D605A92C47EC3F000DBA15 /* CharacterStatus.swift in Sources */,
				C5D605622C47C4B3000DBA15 /* AppDelegate.swift in Sources */,
				C5D605A32C47E1FB000DBA15 /* UIColor + Extension.swift in Sources */,
				C5D605A12C47E010000DBA15 /* UIFont + Extension.swift in Sources */,
				C5D605AB2C47EC54000DBA15 /* CharacterGender.swift in Sources */,
				C5D522442C490A8900BF35BD /* ImageLoaderService.swift in Sources */,
				C5D6057B2C47C786000DBA15 /* CharacterProfileViewController.swift in Sources */,
				C5D605AD2C47EC65000DBA15 /* CharacterLocation.swift in Sources */,
			);
			runOnlyForDeploymentPostprocessing = 0;
		};
/* End PBXSourcesBuildPhase section */

/* Begin PBXVariantGroup section */
		C5D6056C2C47C4B5000DBA15 /* LaunchScreen.storyboard */ = {
			isa = PBXVariantGroup;
			children = (
				C5D6056D2C47C4B5000DBA15 /* Base */,
			);
			name = LaunchScreen.storyboard;
			sourceTree = "<group>";
		};
/* End PBXVariantGroup section */

/* Begin XCBuildConfiguration section */
		C5D605702C47C4B5000DBA15 /* Debug */ = {
			isa = XCBuildConfiguration;
			buildSettings = {
				ALWAYS_SEARCH_USER_PATHS = NO;
				ASSETCATALOG_COMPILER_GENERATE_SWIFT_ASSET_SYMBOL_EXTENSIONS = YES;
				CLANG_ANALYZER_NONNULL = YES;
				CLANG_ANALYZER_NUMBER_OBJECT_CONVERSION = YES_AGGRESSIVE;
				CLANG_CXX_LANGUAGE_STANDARD = "gnu++20";
				CLANG_ENABLE_MODULES = YES;
				CLANG_ENABLE_OBJC_ARC = YES;
				CLANG_ENABLE_OBJC_WEAK = YES;
				CLANG_WARN_BLOCK_CAPTURE_AUTORELEASING = YES;
				CLANG_WARN_BOOL_CONVERSION = YES;
				CLANG_WARN_COMMA = YES;
				CLANG_WARN_CONSTANT_CONVERSION = YES;
				CLANG_WARN_DEPRECATED_OBJC_IMPLEMENTATIONS = YES;
				CLANG_WARN_DIRECT_OBJC_ISA_USAGE = YES_ERROR;
				CLANG_WARN_DOCUMENTATION_COMMENTS = YES;
				CLANG_WARN_EMPTY_BODY = YES;
				CLANG_WARN_ENUM_CONVERSION = YES;
				CLANG_WARN_INFINITE_RECURSION = YES;
				CLANG_WARN_INT_CONVERSION = YES;
				CLANG_WARN_NON_LITERAL_NULL_CONVERSION = YES;
				CLANG_WARN_OBJC_IMPLICIT_RETAIN_SELF = YES;
				CLANG_WARN_OBJC_LITERAL_CONVERSION = YES;
				CLANG_WARN_OBJC_ROOT_CLASS = YES_ERROR;
				CLANG_WARN_QUOTED_INCLUDE_IN_FRAMEWORK_HEADER = YES;
				CLANG_WARN_RANGE_LOOP_ANALYSIS = YES;
				CLANG_WARN_STRICT_PROTOTYPES = YES;
				CLANG_WARN_SUSPICIOUS_MOVE = YES;
				CLANG_WARN_UNGUARDED_AVAILABILITY = YES_AGGRESSIVE;
				CLANG_WARN_UNREACHABLE_CODE = YES;
				CLANG_WARN__DUPLICATE_METHOD_MATCH = YES;
				COPY_PHASE_STRIP = NO;
				DEBUG_INFORMATION_FORMAT = dwarf;
				ENABLE_STRICT_OBJC_MSGSEND = YES;
				ENABLE_TESTABILITY = YES;
				ENABLE_USER_SCRIPT_SANDBOXING = YES;
				GCC_C_LANGUAGE_STANDARD = gnu17;
				GCC_DYNAMIC_NO_PIC = NO;
				GCC_NO_COMMON_BLOCKS = YES;
				GCC_OPTIMIZATION_LEVEL = 0;
				GCC_PREPROCESSOR_DEFINITIONS = (
					"DEBUG=1",
					"$(inherited)",
				);
				GCC_WARN_64_TO_32_BIT_CONVERSION = YES;
				GCC_WARN_ABOUT_RETURN_TYPE = YES_ERROR;
				GCC_WARN_UNDECLARED_SELECTOR = YES;
				GCC_WARN_UNINITIALIZED_AUTOS = YES_AGGRESSIVE;
				GCC_WARN_UNUSED_FUNCTION = YES;
				GCC_WARN_UNUSED_VARIABLE = YES;
				IPHONEOS_DEPLOYMENT_TARGET = 17.0;
				LOCALIZATION_PREFERS_STRING_CATALOGS = YES;
				MTL_ENABLE_DEBUG_INFO = INCLUDE_SOURCE;
				MTL_FAST_MATH = YES;
				ONLY_ACTIVE_ARCH = YES;
				SDKROOT = iphoneos;
				SWIFT_ACTIVE_COMPILATION_CONDITIONS = "DEBUG $(inherited)";
				SWIFT_OPTIMIZATION_LEVEL = "-Onone";
			};
			name = Debug;
		};
		C5D605712C47C4B5000DBA15 /* Release */ = {
			isa = XCBuildConfiguration;
			buildSettings = {
				ALWAYS_SEARCH_USER_PATHS = NO;
				ASSETCATALOG_COMPILER_GENERATE_SWIFT_ASSET_SYMBOL_EXTENSIONS = YES;
				CLANG_ANALYZER_NONNULL = YES;
				CLANG_ANALYZER_NUMBER_OBJECT_CONVERSION = YES_AGGRESSIVE;
				CLANG_CXX_LANGUAGE_STANDARD = "gnu++20";
				CLANG_ENABLE_MODULES = YES;
				CLANG_ENABLE_OBJC_ARC = YES;
				CLANG_ENABLE_OBJC_WEAK = YES;
				CLANG_WARN_BLOCK_CAPTURE_AUTORELEASING = YES;
				CLANG_WARN_BOOL_CONVERSION = YES;
				CLANG_WARN_COMMA = YES;
				CLANG_WARN_CONSTANT_CONVERSION = YES;
				CLANG_WARN_DEPRECATED_OBJC_IMPLEMENTATIONS = YES;
				CLANG_WARN_DIRECT_OBJC_ISA_USAGE = YES_ERROR;
				CLANG_WARN_DOCUMENTATION_COMMENTS = YES;
				CLANG_WARN_EMPTY_BODY = YES;
				CLANG_WARN_ENUM_CONVERSION = YES;
				CLANG_WARN_INFINITE_RECURSION = YES;
				CLANG_WARN_INT_CONVERSION = YES;
				CLANG_WARN_NON_LITERAL_NULL_CONVERSION = YES;
				CLANG_WARN_OBJC_IMPLICIT_RETAIN_SELF = YES;
				CLANG_WARN_OBJC_LITERAL_CONVERSION = YES;
				CLANG_WARN_OBJC_ROOT_CLASS = YES_ERROR;
				CLANG_WARN_QUOTED_INCLUDE_IN_FRAMEWORK_HEADER = YES;
				CLANG_WARN_RANGE_LOOP_ANALYSIS = YES;
				CLANG_WARN_STRICT_PROTOTYPES = YES;
				CLANG_WARN_SUSPICIOUS_MOVE = YES;
				CLANG_WARN_UNGUARDED_AVAILABILITY = YES_AGGRESSIVE;
				CLANG_WARN_UNREACHABLE_CODE = YES;
				CLANG_WARN__DUPLICATE_METHOD_MATCH = YES;
				COPY_PHASE_STRIP = NO;
				DEBUG_INFORMATION_FORMAT = "dwarf-with-dsym";
				ENABLE_NS_ASSERTIONS = NO;
				ENABLE_STRICT_OBJC_MSGSEND = YES;
				ENABLE_USER_SCRIPT_SANDBOXING = YES;
				GCC_C_LANGUAGE_STANDARD = gnu17;
				GCC_NO_COMMON_BLOCKS = YES;
				GCC_WARN_64_TO_32_BIT_CONVERSION = YES;
				GCC_WARN_ABOUT_RETURN_TYPE = YES_ERROR;
				GCC_WARN_UNDECLARED_SELECTOR = YES;
				GCC_WARN_UNINITIALIZED_AUTOS = YES_AGGRESSIVE;
				GCC_WARN_UNUSED_FUNCTION = YES;
				GCC_WARN_UNUSED_VARIABLE = YES;
				IPHONEOS_DEPLOYMENT_TARGET = 17.0;
				LOCALIZATION_PREFERS_STRING_CATALOGS = YES;
				MTL_ENABLE_DEBUG_INFO = NO;
				MTL_FAST_MATH = YES;
				SDKROOT = iphoneos;
				SWIFT_COMPILATION_MODE = wholemodule;
				VALIDATE_PRODUCT = YES;
			};
			name = Release;
		};
		C5D605732C47C4B5000DBA15 /* Debug */ = {
			isa = XCBuildConfiguration;
			buildSettings = {
				ASSETCATALOG_COMPILER_APPICON_NAME = AppIcon;
				ASSETCATALOG_COMPILER_GLOBAL_ACCENT_COLOR_NAME = AccentColor;
				CODE_SIGN_STYLE = Automatic;
				CURRENT_PROJECT_VERSION = 1;
				DEVELOPMENT_TEAM = 5CD9RDCH3V;
				GENERATE_INFOPLIST_FILE = YES;
				INFOPLIST_FILE = "RickAndMortyCharacters/Supporting Files/Info.plist";
				INFOPLIST_KEY_CFBundleDisplayName = "Рик и Морти";
				INFOPLIST_KEY_UIApplicationSupportsIndirectInputEvents = YES;
				INFOPLIST_KEY_UILaunchStoryboardName = LaunchScreen;
				INFOPLIST_KEY_UISupportedInterfaceOrientations = UIInterfaceOrientationPortrait;
				IPHONEOS_DEPLOYMENT_TARGET = 17.0;
				LD_RUNPATH_SEARCH_PATHS = (
					"$(inherited)",
					"@executable_path/Frameworks",
				);
				MARKETING_VERSION = 1.0;
				PRODUCT_BUNDLE_IDENTIFIER = com.SAI.RickAndMortyCharacters;
				PRODUCT_NAME = "$(TARGET_NAME)";
				SUPPORTED_PLATFORMS = "iphoneos iphonesimulator";
				SUPPORTS_MACCATALYST = NO;
				SUPPORTS_MAC_DESIGNED_FOR_IPHONE_IPAD = NO;
				SUPPORTS_XR_DESIGNED_FOR_IPHONE_IPAD = NO;
				SWIFT_EMIT_LOC_STRINGS = YES;
				SWIFT_VERSION = 5.0;
				TARGETED_DEVICE_FAMILY = 1;
			};
			name = Debug;
		};
		C5D605742C47C4B5000DBA15 /* Release */ = {
			isa = XCBuildConfiguration;
			buildSettings = {
				ASSETCATALOG_COMPILER_APPICON_NAME = AppIcon;
				ASSETCATALOG_COMPILER_GLOBAL_ACCENT_COLOR_NAME = AccentColor;
				CODE_SIGN_STYLE = Automatic;
				CURRENT_PROJECT_VERSION = 1;
				DEVELOPMENT_TEAM = 5CD9RDCH3V;
				GENERATE_INFOPLIST_FILE = YES;
				INFOPLIST_FILE = "RickAndMortyCharacters/Supporting Files/Info.plist";
				INFOPLIST_KEY_CFBundleDisplayName = "Рик и Морти";
				INFOPLIST_KEY_UIApplicationSupportsIndirectInputEvents = YES;
				INFOPLIST_KEY_UILaunchStoryboardName = LaunchScreen;
				INFOPLIST_KEY_UISupportedInterfaceOrientations = UIInterfaceOrientationPortrait;
				IPHONEOS_DEPLOYMENT_TARGET = 17.0;
				LD_RUNPATH_SEARCH_PATHS = (
					"$(inherited)",
					"@executable_path/Frameworks",
				);
				MARKETING_VERSION = 1.0;
				PRODUCT_BUNDLE_IDENTIFIER = com.SAI.RickAndMortyCharacters;
				PRODUCT_NAME = "$(TARGET_NAME)";
				SUPPORTED_PLATFORMS = "iphoneos iphonesimulator";
				SUPPORTS_MACCATALYST = NO;
				SUPPORTS_MAC_DESIGNED_FOR_IPHONE_IPAD = NO;
				SUPPORTS_XR_DESIGNED_FOR_IPHONE_IPAD = NO;
				SWIFT_EMIT_LOC_STRINGS = YES;
				SWIFT_VERSION = 5.0;
				TARGETED_DEVICE_FAMILY = 1;
			};
			name = Release;
		};
/* End XCBuildConfiguration section */

/* Begin XCConfigurationList section */
		C5D605592C47C4B3000DBA15 /* Build configuration list for PBXProject "RickAndMortyCharacters" */ = {
			isa = XCConfigurationList;
			buildConfigurations = (
				C5D605702C47C4B5000DBA15 /* Debug */,
				C5D605712C47C4B5000DBA15 /* Release */,
			);
			defaultConfigurationIsVisible = 0;
			defaultConfigurationName = Release;
		};
		C5D605722C47C4B5000DBA15 /* Build configuration list for PBXNativeTarget "RickAndMortyCharacters" */ = {
			isa = XCConfigurationList;
			buildConfigurations = (
				C5D605732C47C4B5000DBA15 /* Debug */,
				C5D605742C47C4B5000DBA15 /* Release */,
			);
			defaultConfigurationIsVisible = 0;
			defaultConfigurationName = Release;
		};
/* End XCConfigurationList section */
	};
	rootObject = C5D605562C47C4B3000DBA15 /* Project object */;
}
